
Microsoft Visual Studio Solution File, Format Version 12.00
# Visual Studio Version 16
VisualStudioVersion = 16.0.30011.22
MinimumVisualStudioVersion = 10.0.40219.1
Project("{FAE04EC0-301F-11D3-BF4B-00C04F79EFBC}") = "SimpleReproClient", "SimpleReproClient\SimpleReproClient.csproj", "{1FB27299-8D82-4A83-AB24-36773A28EF92}"
EndProject
Global
	GlobalSection(SolutionConfigurationPlatforms) = preSolution
		Debug|Any CPU = Debug|Any CPU
		Release|Any CPU = Release|Any CPU
	EndGlobalSection
	GlobalSection(ProjectConfigurationPlatforms) = postSolution
		{1FB27299-8D82-4A83-AB24-36773A28EF92}.Debug|Any CPU.ActiveCfg = Debug|Any CPU
		{1FB27299-8D82-4A83-AB24-36773A28EF92}.Debug|Any CPU.Build.0 = Debug|Any CPU
		{1FB27299-8D82-4A83-AB24-36773A28EF92}.Release|Any CPU.ActiveCfg = Release|Any CPU
		{1FB27299-8D82-4A83-AB24-36773A28EF92}.Release|Any CPU.Build.0 = Release|Any CPU
	EndGlobalSection
	GlobalSection(SolutionProperties) = preSolution
		HideSolutionNode = FALSE
	EndGlobalSection
	GlobalSection(ExtensibilityGlobals) = postSolution
		SolutionGuid = {4196ECB1-C900-4FB2-89B5-20862989C31A}
	EndGlobalSection
EndGlobal
